
Microsoft Visual Studio Solution File, Format Version 12.00
# Visual Studio Version 17
VisualStudioVersion = 17.14.36616.10 d17.14
MinimumVisualStudioVersion = 10.0.40219.1
Project("{FAE04EC0-301F-11D3-BF4B-00C04F79EFBC}") = "DelayedTotalRevenue", "DelayedTotalRevenue\DelayedTotalRevenue.csproj", "{F1DB6E05-B98C-4CCA-8819-F8FE4E43C872}"
EndProject
Global
	GlobalSection(SolutionConfigurationPlatforms) = preSolution
		Debug|Any CPU = Debug|Any CPU
		Release|Any CPU = Release|Any CPU
	EndGlobalSection
	GlobalSection(ProjectConfigurationPlatforms) = postSolution
		{F1DB6E05-B98C-4CCA-8819-F8FE4E43C872}.Debug|Any CPU.ActiveCfg = Debug|Any CPU
		{F1DB6E05-B98C-4CCA-8819-F8FE4E43C872}.Debug|Any CPU.Build.0 = Debug|Any CPU
		{F1DB6E05-B98C-4CCA-8819-F8FE4E43C872}.Release|Any CPU.ActiveCfg = Release|Any CPU
		{F1DB6E05-B98C-4CCA-8819-F8FE4E43C872}.Release|Any CPU.Build.0 = Release|Any CPU
	EndGlobalSection
	GlobalSection(SolutionProperties) = preSolution
		HideSolutionNode = FALSE
	EndGlobalSection
	GlobalSection(ExtensibilityGlobals) = postSolution
		SolutionGuid = {1F455A55-A667-4421-B8E3-800FCADEE4CF}
	EndGlobalSection
EndGlobal
